
Microsoft Visual Studio Solution File, Format Version 12.00
# Visual Studio 15
VisualStudioVersion = 15.0.28010.2019
MinimumVisualStudioVersion = 10.0.40219.1
Project("{FAE04EC0-301F-11D3-BF4B-00C04F79EFBC}") = "VbFinal", "VbFinal\VbFinal.csproj", "{F3BB7ADD-3886-4F84-A7C0-DEC59F8A0959}"
EndProject
Project("{FAE04EC0-301F-11D3-BF4B-00C04F79EFBC}") = "VbFinal.Tests", "VbFinal.Tests\VbFinal.Tests.csproj", "{5CBD36AA-8F22-4D0F-BB34-03F055E8393B}"
EndProject
Global
	GlobalSection(SolutionConfigurationPlatforms) = preSolution
		Debug|Any CPU = Debug|Any CPU
		Release|Any CPU = Release|Any CPU
	EndGlobalSection
	GlobalSection(ProjectConfigurationPlatforms) = postSolution
		{F3BB7ADD-3886-4F84-A7C0-DEC59F8A0959}.Debug|Any CPU.ActiveCfg = Debug|Any CPU
		{F3BB7ADD-3886-4F84-A7C0-DEC59F8A0959}.Debug|Any CPU.Build.0 = Debug|Any CPU
		{F3BB7ADD-3886-4F84-A7C0-DEC59F8A0959}.Release|Any CPU.ActiveCfg = Release|Any CPU
		{F3BB7ADD-3886-4F84-A7C0-DEC59F8A0959}.Release|Any CPU.Build.0 = Release|Any CPU
		{5CBD36AA-8F22-4D0F-BB34-03F055E8393B}.Debug|Any CPU.ActiveCfg = Debug|Any CPU
		{5CBD36AA-8F22-4D0F-BB34-03F055E8393B}.Debug|Any CPU.Build.0 = Debug|Any CPU
		{5CBD36AA-8F22-4D0F-BB34-03F055E8393B}.Release|Any CPU.ActiveCfg = Release|Any CPU
		{5CBD36AA-8F22-4D0F-BB34-03F055E8393B}.Release|Any CPU.Build.0 = Release|Any CPU
	EndGlobalSection
	GlobalSection(SolutionProperties) = preSolution
		HideSolutionNode = FALSE
	EndGlobalSection
	GlobalSection(ExtensibilityGlobals) = postSolution
		SolutionGuid = {505FFD72-4DED-4711-9EA9-A9A5E1B5DEB6}
	EndGlobalSection
EndGlobal
